
Microsoft Visual Studio Solution File, Format Version 12.00
# Visual Studio Version 17
VisualStudioVersion = 17.4.33213.308
MinimumVisualStudioVersion = 10.0.40219.1
Project("{9A19103F-16F7-4668-BE54-9A1E7A4F7556}") = "NetflixBackendExample", "NetflixBackendExample.csproj", "{017CE279-B641-4F1E-A2D0-9EFB97848CFF}"
EndProject
Project("{9A19103F-16F7-4668-BE54-9A1E7A4F7556}") = "NetflixRepository", "NetflixModels\NetflixRepository.csproj", "{A27F5EAD-BE30-47E8-9079-088E94C8AD3E}"
EndProject
Project("{9A19103F-16F7-4668-BE54-9A1E7A4F7556}") = "UserManagement", "UserManagement\UserManagement.csproj", "{CDAC960D-2E89-4305-8BC8-EF0B0291FCC2}"
EndProject
Project("{9A19103F-16F7-4668-BE54-9A1E7A4F7556}") = "UserManagementRepository", "UserManagementRepository\UserManagementRepository.csproj", "{F7D7C9E2-69B2-4EE2-BD76-38878C38F378}"
EndProject
Project("{9A19103F-16F7-4668-BE54-9A1E7A4F7556}") = "UserManagementService", "UserManagementService\UserManagementService.csproj", "{F7337240-7E5F-4F64-B9DB-982D10A5C625}"
EndProject
Global
	GlobalSection(SolutionConfigurationPlatforms) = preSolution
		Debug|Any CPU = Debug|Any CPU
		Release|Any CPU = Release|Any CPU
	EndGlobalSection
	GlobalSection(ProjectConfigurationPlatforms) = postSolution
		{017CE279-B641-4F1E-A2D0-9EFB97848CFF}.Debug|Any CPU.ActiveCfg = Debug|Any CPU
		{017CE279-B641-4F1E-A2D0-9EFB97848CFF}.Debug|Any CPU.Build.0 = Debug|Any CPU
		{017CE279-B641-4F1E-A2D0-9EFB97848CFF}.Release|Any CPU.ActiveCfg = Release|Any CPU
		{017CE279-B641-4F1E-A2D0-9EFB97848CFF}.Release|Any CPU.Build.0 = Release|Any CPU
		{A27F5EAD-BE30-47E8-9079-088E94C8AD3E}.Debug|Any CPU.ActiveCfg = Debug|Any CPU
		{A27F5EAD-BE30-47E8-9079-088E94C8AD3E}.Debug|Any CPU.Build.0 = Debug|Any CPU
		{A27F5EAD-BE30-47E8-9079-088E94C8AD3E}.Release|Any CPU.ActiveCfg = Release|Any CPU
		{A27F5EAD-BE30-47E8-9079-088E94C8AD3E}.Release|Any CPU.Build.0 = Release|Any CPU
		{CDAC960D-2E89-4305-8BC8-EF0B0291FCC2}.Debug|Any CPU.ActiveCfg = Debug|Any CPU
		{CDAC960D-2E89-4305-8BC8-EF0B0291FCC2}.Debug|Any CPU.Build.0 = Debug|Any CPU
		{CDAC960D-2E89-4305-8BC8-EF0B0291FCC2}.Release|Any CPU.ActiveCfg = Release|Any CPU
		{CDAC960D-2E89-4305-8BC8-EF0B0291FCC2}.Release|Any CPU.Build.0 = Release|Any CPU
		{F7D7C9E2-69B2-4EE2-BD76-38878C38F378}.Debug|Any CPU.ActiveCfg = Debug|Any CPU
		{F7D7C9E2-69B2-4EE2-BD76-38878C38F378}.Debug|Any CPU.Build.0 = Debug|Any CPU
		{F7D7C9E2-69B2-4EE2-BD76-38878C38F378}.Release|Any CPU.ActiveCfg = Release|Any CPU
		{F7D7C9E2-69B2-4EE2-BD76-38878C38F378}.Release|Any CPU.Build.0 = Release|Any CPU
		{F7337240-7E5F-4F64-B9DB-982D10A5C625}.Debug|Any CPU.ActiveCfg = Debug|Any CPU
		{F7337240-7E5F-4F64-B9DB-982D10A5C625}.Debug|Any CPU.Build.0 = Debug|Any CPU
		{F7337240-7E5F-4F64-B9DB-982D10A5C625}.Release|Any CPU.ActiveCfg = Release|Any CPU
		{F7337240-7E5F-4F64-B9DB-982D10A5C625}.Release|Any CPU.Build.0 = Release|Any CPU
	EndGlobalSection
	GlobalSection(SolutionProperties) = preSolution
		HideSolutionNode = FALSE
	EndGlobalSection
	GlobalSection(ExtensibilityGlobals) = postSolution
		SolutionGuid = {21741AAA-D08E-40A8-BAA8-2DEA4AC029A3}
	EndGlobalSection
EndGlobal
